// !$*UTF8*$!
{
	archiveVersion = 1;
	classes = {
	};
	objectVersion = 46;
	objects = {

/* Begin PBXAggregateTarget section */
		4EC20DC8D1E34421827094CD /* ALL_BUILD */ = {
			isa = PBXAggregateTarget;
			buildConfigurationList = CFDD6EB36F4949569ECA4751 /* Build configuration list for PBXAggregateTarget "ALL_BUILD" */;
			buildPhases = (
				5A7473E43C214A0ABFACBF6D /* CMake Rules */,
			);
			dependencies = (
				3BE21B4675B3417D94B675EE /* PBXTargetDependency */,
			);
			name = ALL_BUILD;
			productName = ALL_BUILD;
		};
		C0429C1BA80B410B845216E2 /* ZERO_CHECK */ = {
			isa = PBXAggregateTarget;
			buildConfigurationList = 86A64C5CCFBB4189B7301F81 /* Build configuration list for PBXAggregateTarget "ZERO_CHECK" */;
			buildPhases = (
				E89026721AA84E0FA0EE9EB7 /* CMake Rules */,
			);
			dependencies = (
			);
			name = ZERO_CHECK;
			productName = ZERO_CHECK;
		};
/* End PBXAggregateTarget section */

/* Begin PBXBuildStyle section */
		21903BF3E4814D2B819816E2 /* MinSizeRel */ = {
			isa = PBXBuildStyle;
			buildSettings = {
				COPY_PHASE_STRIP = NO;
			};
			name = MinSizeRel;
		};
		347D6668FFB54DFFBABC2BB5 /* RelWithDebInfo */ = {
			isa = PBXBuildStyle;
			buildSettings = {
				COPY_PHASE_STRIP = NO;
			};
			name = RelWithDebInfo;
		};
		7BC15DE607424B2FBD778D0D /* Debug */ = {
			isa = PBXBuildStyle;
			buildSettings = {
				COPY_PHASE_STRIP = NO;
			};
			name = Debug;
		};
		A526865CCB1E47C3B028245E /* Release */ = {
			isa = PBXBuildStyle;
			buildSettings = {
				COPY_PHASE_STRIP = NO;
			};
			name = Release;
		};
/* End PBXBuildStyle section */

/* Begin PBXContainerItemProxy section */
		DEC45BC2ABFB415DA87DD51C /* PBXContainerItemProxy */ = {
			isa = PBXContainerItemProxy;
			containerPortal = BCE4BB20B9AD47A5AEB8E305 /* Project object */;
			proxyType = 1;
			remoteGlobalIDString = C0429C1BA80B410B845216E2;
			remoteInfo = ZERO_CHECK;
		};
/* End PBXContainerItemProxy section */

/* Begin PBXFileReference section */
		404902890F9145FEB57AF981 /* /Users/lucmichalski/local/golang/src/github.com/hellowod/u3d-plugins-development/NativePlugins/_builds/osx-10-13/_3rdParty/Hunter/toolchain/CMakeLists.txt */ = {isa = PBXFileReference; explicitFileType = sourcecode.text; fileEncoding = 4; name = CMakeLists.txt; path = CMakeLists.txt; sourceTree = SOURCE_ROOT; };
		69727009BA8A4CE9B2D24DC7 /* /Users/lucmichalski/local/golang/src/github.com/hellowod/u3d-plugins-development/NativePlugins/_builds/osx-10-13/_3rdParty/Hunter/toolchain/CMakeLists.txt */ = {isa = PBXFileReference; explicitFileType = sourcecode.text; fileEncoding = 4; name = CMakeLists.txt; path = CMakeLists.txt; sourceTree = SOURCE_ROOT; };
/* End PBXFileReference section */

/* Begin PBXGroup section */
		1BD38B6DF28949439374714E /* CMake Rules */ = {
			isa = PBXGroup;
			children = (
			);
			name = "CMake Rules";
			sourceTree = "<group>";
		};
		326B2575DB4F4380992A14D0 /* CMake Rules */ = {
			isa = PBXGroup;
			children = (
			);
			name = "CMake Rules";
			sourceTree = "<group>";
		};
		4B6BBE21790B4DC2A1EE87F0 /* Products */ = {
			isa = PBXGroup;
			children = (
			);
			name = Products;
			sourceTree = "<group>";
		};
		DFEED59EA750489196FEF65A = {
			isa = PBXGroup;
			children = (
				F21C5F2EB36045DD9D8A6D96 /* ALL_BUILD */,
				F387D349D0324976A8CA08AC /* ZERO_CHECK */,
				4B6BBE21790B4DC2A1EE87F0 /* Products */,
			);
			sourceTree = "<group>";
		};
		F21C5F2EB36045DD9D8A6D96 /* ALL_BUILD */ = {
			isa = PBXGroup;
			children = (
				326B2575DB4F4380992A14D0 /* CMake Rules */,
				404902890F9145FEB57AF981 /* /Users/lucmichalski/local/golang/src/github.com/hellowod/u3d-plugins-development/NativePlugins/_builds/osx-10-13/_3rdParty/Hunter/toolchain/CMakeLists.txt */,
			);
			name = ALL_BUILD;
			sourceTree = "<group>";
		};
		F387D349D0324976A8CA08AC /* ZERO_CHECK */ = {
			isa = PBXGroup;
			children = (
				1BD38B6DF28949439374714E /* CMake Rules */,
				69727009BA8A4CE9B2D24DC7 /* /Users/lucmichalski/local/golang/src/github.com/hellowod/u3d-plugins-development/NativePlugins/_builds/osx-10-13/_3rdParty/Hunter/toolchain/CMakeLists.txt */,
			);
			name = ZERO_CHECK;
			sourceTree = "<group>";
		};
/* End PBXGroup section */

/* Begin PBXProject section */
		BCE4BB20B9AD47A5AEB8E305 /* Project object */ = {
			isa = PBXProject;
			attributes = {
				BuildIndependentTargetsInParallel = YES;
				LastUpgradeCheck = 0900;
			};
			buildConfigurationList = 93B9E2718CCB418BA30BC465 /* Build configuration list for PBXProject "HunterToolchain" */;
			buildSettings = {
			};
			buildStyles = (
				7BC15DE607424B2FBD778D0D /* Debug */,
				A526865CCB1E47C3B028245E /* Release */,
				21903BF3E4814D2B819816E2 /* MinSizeRel */,
				347D6668FFB54DFFBABC2BB5 /* RelWithDebInfo */,
			);
			compatibilityVersion = "Xcode 3.2";
			hasScannedForEncodings = 0;
			mainGroup = DFEED59EA750489196FEF65A;
			projectDirPath = ../;
			projectRoot = "";
			targets = (
				4EC20DC8D1E34421827094CD /* ALL_BUILD */,
				C0429C1BA80B410B845216E2 /* ZERO_CHECK */,
			);
		};
/* End PBXProject section */

/* Begin PBXShellScriptBuildPhase section */
		5A7473E43C214A0ABFACBF6D /* CMake Rules */ = {
			isa = PBXShellScriptBuildPhase;
			buildActionMask = 2147483647;
			files = (
			);
			name = "CMake Rules";
			outputPaths = (
"/Users/lucmichalski/local/golang/src/github.com/hellowod/u3d-plugins-development/NativePlugins/_builds/osx-10-13/_3rdParty/Hunter/toolchain/_builds/CMakeFiles/ALL_BUILD"			);
			runOnlyForDeploymentPostprocessing = 0;
			shellPath = /bin/sh;
			shellScript = "make -C /Users/lucmichalski/local/golang/src/github.com/hellowod/u3d-plugins-development/NativePlugins/_builds/osx-10-13/_3rdParty/Hunter/toolchain/_builds -f /Users/lucmichalski/local/golang/src/github.com/hellowod/u3d-plugins-development/NativePlugins/_builds/osx-10-13/_3rdParty/Hunter/toolchain/_builds/CMakeScripts/ALL_BUILD_cmakeRulesBuildPhase.make$CONFIGURATION all";
			showEnvVarsInLog = 0;
		};
		8CE9CD4B91CC42CA8C420FE8 = {
			isa = PBXShellScriptBuildPhase;
			buildActionMask = 2147483647;
			files = (
			);
			inputPaths = (
			);
			outputPaths = (
			);
			runOnlyForDeploymentPostprocessing = 0;
			shellPath = /bin/sh;
			shellScript = "# shell script goes here
exit 0";
			showEnvVarsInLog = 0;
		};
		949CA055E33F4117A31D89B7 = {
			isa = PBXShellScriptBuildPhase;
			buildActionMask = 2147483647;
			files = (
			);
			inputPaths = (
			);
			outputPaths = (
			);
			runOnlyForDeploymentPostprocessing = 0;
			shellPath = /bin/sh;
			shellScript = "# shell script goes here
exit 0";
			showEnvVarsInLog = 0;
		};
		E89026721AA84E0FA0EE9EB7 /* CMake Rules */ = {
			isa = PBXShellScriptBuildPhase;
			buildActionMask = 2147483647;
			files = (
			);
			name = "CMake Rules";
			outputPaths = (
"/Users/lucmichalski/local/golang/src/github.com/hellowod/u3d-plugins-development/NativePlugins/_builds/osx-10-13/_3rdParty/Hunter/toolchain/_builds/CMakeFiles/ZERO_CHECK"			);
			runOnlyForDeploymentPostprocessing = 0;
			shellPath = /bin/sh;
			shellScript = "make -C /Users/lucmichalski/local/golang/src/github.com/hellowod/u3d-plugins-development/NativePlugins/_builds/osx-10-13/_3rdParty/Hunter/toolchain/_builds -f /Users/lucmichalski/local/golang/src/github.com/hellowod/u3d-plugins-development/NativePlugins/_builds/osx-10-13/_3rdParty/Hunter/toolchain/_builds/CMakeScripts/ZERO_CHECK_cmakeRulesBuildPhase.make$CONFIGURATION all";
			showEnvVarsInLog = 0;
		};
/* End PBXShellScriptBuildPhase section */

/* Begin PBXTargetDependency section */
		3BE21B4675B3417D94B675EE /* PBXTargetDependency */ = {
			isa = PBXTargetDependency;
			target = C0429C1BA80B410B845216E2 /* ZERO_CHECK */;
			targetProxy = DEC45BC2ABFB415DA87DD51C /* PBXContainerItemProxy */;
		};
/* End PBXTargetDependency section */

/* Begin XCBuildConfiguration section */
		13609CC21E97400DADD904F7 /* MinSizeRel */ = {
			isa = XCBuildConfiguration;
			buildSettings = {
				COMBINE_HIDPI_IMAGES = YES;
				GCC_GENERATE_DEBUGGING_SYMBOLS = YES;
				GCC_INLINES_ARE_PRIVATE_EXTERN = NO;
				GCC_OPTIMIZATION_LEVEL = 0;
				GCC_PREPROCESSOR_DEFINITIONS = ("'CMAKE_INTDIR=\"$(CONFIGURATION)$(EFFECTIVE_PLATFORM_NAME)\"'");
				GCC_SYMBOLS_PRIVATE_EXTERN = NO;
				INSTALL_PATH = "";
				OTHER_LDFLAGS = " ";
				OTHER_REZFLAGS = "";
				PRODUCT_NAME = ALL_BUILD;
				SECTORDER_FLAGS = "";
				SYMROOT = "/Users/lucmichalski/local/golang/src/github.com/hellowod/u3d-plugins-development/NativePlugins/_builds/osx-10-13/_3rdParty/Hunter/toolchain/_builds";
				USE_HEADERMAP = NO;
				WARNING_CFLAGS = ("-Wmost","-Wno-four-char-constants","-Wno-unknown-pragmas","$(inherited)");
			};
			name = MinSizeRel;
		};
		2609118C61604A149D7FD1FE /* MinSizeRel */ = {
			isa = XCBuildConfiguration;
			buildSettings = {
				COMBINE_HIDPI_IMAGES = YES;
				GCC_GENERATE_DEBUGGING_SYMBOLS = YES;
				GCC_INLINES_ARE_PRIVATE_EXTERN = NO;
				GCC_OPTIMIZATION_LEVEL = 0;
				GCC_PREPROCESSOR_DEFINITIONS = ("'CMAKE_INTDIR=\"$(CONFIGURATION)$(EFFECTIVE_PLATFORM_NAME)\"'");
				GCC_SYMBOLS_PRIVATE_EXTERN = NO;
				INSTALL_PATH = "";
				OTHER_LDFLAGS = " ";
				OTHER_REZFLAGS = "";
				PRODUCT_NAME = ZERO_CHECK;
				SECTORDER_FLAGS = "";
				SYMROOT = "/Users/lucmichalski/local/golang/src/github.com/hellowod/u3d-plugins-development/NativePlugins/_builds/osx-10-13/_3rdParty/Hunter/toolchain/_builds";
				USE_HEADERMAP = NO;
				WARNING_CFLAGS = ("-Wmost","-Wno-four-char-constants","-Wno-unknown-pragmas","$(inherited)");
			};
			name = MinSizeRel;
		};
		493306A7FB694C65920D32EC /* RelWithDebInfo */ = {
			isa = XCBuildConfiguration;
			buildSettings = {
				COMBINE_HIDPI_IMAGES = YES;
				GCC_GENERATE_DEBUGGING_SYMBOLS = YES;
				GCC_INLINES_ARE_PRIVATE_EXTERN = NO;
				GCC_OPTIMIZATION_LEVEL = 0;
				GCC_PREPROCESSOR_DEFINITIONS = ("'CMAKE_INTDIR=\"$(CONFIGURATION)$(EFFECTIVE_PLATFORM_NAME)\"'");
				GCC_SYMBOLS_PRIVATE_EXTERN = NO;
				INSTALL_PATH = "";
				OTHER_LDFLAGS = " ";
				OTHER_REZFLAGS = "";
				PRODUCT_NAME = ALL_BUILD;
				SECTORDER_FLAGS = "";
				SYMROOT = "/Users/lucmichalski/local/golang/src/github.com/hellowod/u3d-plugins-development/NativePlugins/_builds/osx-10-13/_3rdParty/Hunter/toolchain/_builds";
				USE_HEADERMAP = NO;
				WARNING_CFLAGS = ("-Wmost","-Wno-four-char-constants","-Wno-unknown-pragmas","$(inherited)");
			};
			name = RelWithDebInfo;
		};
		73D3CD32359D43099C0AE215 /* Release */ = {
			isa = XCBuildConfiguration;
			buildSettings = {
				CC = "/Applications/Xcode-beta.app/Contents/Developer/Toolchains/XcodeDefault.xctoolchain/usr/bin/clang";
				MACOSX_DEPLOYMENT_TARGET = 10.13;
				ONLY_ACTIVE_ARCH = YES;
				SDKROOT = "/Applications/Xcode-beta.app/Contents/Developer/Platforms/MacOSX.platform/Developer/SDKs/MacOSX10.13.sdk";
				SYMROOT = "/Users/lucmichalski/local/golang/src/github.com/hellowod/u3d-plugins-development/NativePlugins/_builds/osx-10-13/_3rdParty/Hunter/toolchain/_builds/build";
			};
			name = Release;
		};
		8A3CA9FE59514A44824A3116 /* Debug */ = {
			isa = XCBuildConfiguration;
			buildSettings = {
				COMBINE_HIDPI_IMAGES = YES;
				GCC_GENERATE_DEBUGGING_SYMBOLS = YES;
				GCC_INLINES_ARE_PRIVATE_EXTERN = NO;
				GCC_OPTIMIZATION_LEVEL = 0;
				GCC_PREPROCESSOR_DEFINITIONS = ("'CMAKE_INTDIR=\"$(CONFIGURATION)$(EFFECTIVE_PLATFORM_NAME)\"'");
				GCC_SYMBOLS_PRIVATE_EXTERN = NO;
				INSTALL_PATH = "";
				OTHER_LDFLAGS = " ";
				OTHER_REZFLAGS = "";
				PRODUCT_NAME = ALL_BUILD;
				SECTORDER_FLAGS = "";
				SYMROOT = "/Users/lucmichalski/local/golang/src/github.com/hellowod/u3d-plugins-development/NativePlugins/_builds/osx-10-13/_3rdParty/Hunter/toolchain/_builds";
				USE_HEADERMAP = NO;
				WARNING_CFLAGS = ("-Wmost","-Wno-four-char-constants","-Wno-unknown-pragmas","$(inherited)");
			};
			name = Debug;
		};
		9027CB8AEDFA432FA4990DE5 /* RelWithDebInfo */ = {
			isa = XCBuildConfiguration;
			buildSettings = {
				CC = "/Applications/Xcode-beta.app/Contents/Developer/Toolchains/XcodeDefault.xctoolchain/usr/bin/clang";
				MACOSX_DEPLOYMENT_TARGET = 10.13;
				ONLY_ACTIVE_ARCH = YES;
				SDKROOT = "/Applications/Xcode-beta.app/Contents/Developer/Platforms/MacOSX.platform/Developer/SDKs/MacOSX10.13.sdk";
				SYMROOT = "/Users/lucmichalski/local/golang/src/github.com/hellowod/u3d-plugins-development/NativePlugins/_builds/osx-10-13/_3rdParty/Hunter/toolchain/_builds/build";
			};
			name = RelWithDebInfo;
		};
		AFAF136822294944A4F7DAC4 /* Release */ = {
			isa = XCBuildConfiguration;
			buildSettings = {
				COMBINE_HIDPI_IMAGES = YES;
				GCC_GENERATE_DEBUGGING_SYMBOLS = YES;
				GCC_INLINES_ARE_PRIVATE_EXTERN = NO;
				GCC_OPTIMIZATION_LEVEL = 0;
				GCC_PREPROCESSOR_DEFINITIONS = ("'CMAKE_INTDIR=\"$(CONFIGURATION)$(EFFECTIVE_PLATFORM_NAME)\"'");
				GCC_SYMBOLS_PRIVATE_EXTERN = NO;
				INSTALL_PATH = "";
				OTHER_LDFLAGS = " ";
				OTHER_REZFLAGS = "";
				PRODUCT_NAME = ALL_BUILD;
				SECTORDER_FLAGS = "";
				SYMROOT = "/Users/lucmichalski/local/golang/src/github.com/hellowod/u3d-plugins-development/NativePlugins/_builds/osx-10-13/_3rdParty/Hunter/toolchain/_builds";
				USE_HEADERMAP = NO;
				WARNING_CFLAGS = ("-Wmost","-Wno-four-char-constants","-Wno-unknown-pragmas","$(inherited)");
			};
			name = Release;
		};
		C0A4E5C94BD047CFA6913BCD /* RelWithDebInfo */ = {
			isa = XCBuildConfiguration;
			buildSettings = {
				COMBINE_HIDPI_IMAGES = YES;
				GCC_GENERATE_DEBUGGING_SYMBOLS = YES;
				GCC_INLINES_ARE_PRIVATE_EXTERN = NO;
				GCC_OPTIMIZATION_LEVEL = 0;
				GCC_PREPROCESSOR_DEFINITIONS = ("'CMAKE_INTDIR=\"$(CONFIGURATION)$(EFFECTIVE_PLATFORM_NAME)\"'");
				GCC_SYMBOLS_PRIVATE_EXTERN = NO;
				INSTALL_PATH = "";
				OTHER_LDFLAGS = " ";
				OTHER_REZFLAGS = "";
				PRODUCT_NAME = ZERO_CHECK;
				SECTORDER_FLAGS = "";
				SYMROOT = "/Users/lucmichalski/local/golang/src/github.com/hellowod/u3d-plugins-development/NativePlugins/_builds/osx-10-13/_3rdParty/Hunter/toolchain/_builds";
				USE_HEADERMAP = NO;
				WARNING_CFLAGS = ("-Wmost","-Wno-four-char-constants","-Wno-unknown-pragmas","$(inherited)");
			};
			name = RelWithDebInfo;
		};
		D86C007AD5734A09BFC6D83F /* MinSizeRel */ = {
			isa = XCBuildConfiguration;
			buildSettings = {
				CC = "/Applications/Xcode-beta.app/Contents/Developer/Toolchains/XcodeDefault.xctoolchain/usr/bin/clang";
				MACOSX_DEPLOYMENT_TARGET = 10.13;
				ONLY_ACTIVE_ARCH = YES;
				SDKROOT = "/Applications/Xcode-beta.app/Contents/Developer/Platforms/MacOSX.platform/Developer/SDKs/MacOSX10.13.sdk";
				SYMROOT = "/Users/lucmichalski/local/golang/src/github.com/hellowod/u3d-plugins-development/NativePlugins/_builds/osx-10-13/_3rdParty/Hunter/toolchain/_builds/build";
			};
			name = MinSizeRel;
		};
		E125CCBBE23D4E67AB33BB5D /* Debug */ = {
			isa = XCBuildConfiguration;
			buildSettings = {
				COMBINE_HIDPI_IMAGES = YES;
				GCC_GENERATE_DEBUGGING_SYMBOLS = YES;
				GCC_INLINES_ARE_PRIVATE_EXTERN = NO;
				GCC_OPTIMIZATION_LEVEL = 0;
				GCC_PREPROCESSOR_DEFINITIONS = ("'CMAKE_INTDIR=\"$(CONFIGURATION)$(EFFECTIVE_PLATFORM_NAME)\"'");
				GCC_SYMBOLS_PRIVATE_EXTERN = NO;
				INSTALL_PATH = "";
				OTHER_LDFLAGS = " ";
				OTHER_REZFLAGS = "";
				PRODUCT_NAME = ZERO_CHECK;
				SECTORDER_FLAGS = "";
				SYMROOT = "/Users/lucmichalski/local/golang/src/github.com/hellowod/u3d-plugins-development/NativePlugins/_builds/osx-10-13/_3rdParty/Hunter/toolchain/_builds";
				USE_HEADERMAP = NO;
				WARNING_CFLAGS = ("-Wmost","-Wno-four-char-constants","-Wno-unknown-pragmas","$(inherited)");
			};
			name = Debug;
		};
		F5532320449B40F4B4DA20DF /* Release */ = {
			isa = XCBuildConfiguration;
			buildSettings = {
				COMBINE_HIDPI_IMAGES = YES;
				GCC_GENERATE_DEBUGGING_SYMBOLS = YES;
				GCC_INLINES_ARE_PRIVATE_EXTERN = NO;
				GCC_OPTIMIZATION_LEVEL = 0;
				GCC_PREPROCESSOR_DEFINITIONS = ("'CMAKE_INTDIR=\"$(CONFIGURATION)$(EFFECTIVE_PLATFORM_NAME)\"'");
				GCC_SYMBOLS_PRIVATE_EXTERN = NO;
				INSTALL_PATH = "";
				OTHER_LDFLAGS = " ";
				OTHER_REZFLAGS = "";
				PRODUCT_NAME = ZERO_CHECK;
				SECTORDER_FLAGS = "";
				SYMROOT = "/Users/lucmichalski/local/golang/src/github.com/hellowod/u3d-plugins-development/NativePlugins/_builds/osx-10-13/_3rdParty/Hunter/toolchain/_builds";
				USE_HEADERMAP = NO;
				WARNING_CFLAGS = ("-Wmost","-Wno-four-char-constants","-Wno-unknown-pragmas","$(inherited)");
			};
			name = Release;
		};
		F928F37C477F4E72ACB2FA99 /* Debug */ = {
			isa = XCBuildConfiguration;
			buildSettings = {
				CC = "/Applications/Xcode-beta.app/Contents/Developer/Toolchains/XcodeDefault.xctoolchain/usr/bin/clang";
				MACOSX_DEPLOYMENT_TARGET = 10.13;
				ONLY_ACTIVE_ARCH = YES;
				SDKROOT = "/Applications/Xcode-beta.app/Contents/Developer/Platforms/MacOSX.platform/Developer/SDKs/MacOSX10.13.sdk";
				SYMROOT = "/Users/lucmichalski/local/golang/src/github.com/hellowod/u3d-plugins-development/NativePlugins/_builds/osx-10-13/_3rdParty/Hunter/toolchain/_builds/build";
			};
			name = Debug;
		};
/* End XCBuildConfiguration section */

/* Begin XCConfigurationList section */
		86A64C5CCFBB4189B7301F81 /* Build configuration list for PBXAggregateTarget "ZERO_CHECK" */ = {
			isa = XCConfigurationList;
			buildConfigurations = (
				E125CCBBE23D4E67AB33BB5D /* Debug */,
				F5532320449B40F4B4DA20DF /* Release */,
				2609118C61604A149D7FD1FE /* MinSizeRel */,
				C0A4E5C94BD047CFA6913BCD /* RelWithDebInfo */,
			);
			defaultConfigurationIsVisible = 0;
			defaultConfigurationName = Debug;
		};
		93B9E2718CCB418BA30BC465 /* Build configuration list for PBXProject "HunterToolchain" */ = {
			isa = XCConfigurationList;
			buildConfigurations = (
				F928F37C477F4E72ACB2FA99 /* Debug */,
				73D3CD32359D43099C0AE215 /* Release */,
				D86C007AD5734A09BFC6D83F /* MinSizeRel */,
				9027CB8AEDFA432FA4990DE5 /* RelWithDebInfo */,
			);
			defaultConfigurationIsVisible = 0;
			defaultConfigurationName = Debug;
		};
		CFDD6EB36F4949569ECA4751 /* Build configuration list for PBXAggregateTarget "ALL_BUILD" */ = {
			isa = XCConfigurationList;
			buildConfigurations = (
				8A3CA9FE59514A44824A3116 /* Debug */,
				AFAF136822294944A4F7DAC4 /* Release */,
				13609CC21E97400DADD904F7 /* MinSizeRel */,
				493306A7FB694C65920D32EC /* RelWithDebInfo */,
			);
			defaultConfigurationIsVisible = 0;
			defaultConfigurationName = Debug;
		};
/* End XCConfigurationList section */
	};
	rootObject = BCE4BB20B9AD47A5AEB8E305 /* Project object */;
}
